
Microsoft Visual Studio Solution File, Format Version 12.00
# Visual Studio Version 17
VisualStudioVersion = 17.0.31919.166
MinimumVisualStudioVersion = 10.0.40219.1
Project("{FAE04EC0-301F-11D3-BF4B-00C04F79EFBC}") = "HayvonlarHaqida", "HayvonlarHaqida\HayvonlarHaqida.csproj", "{125279DD-192B-48AC-9030-648AC6F18E68}"
EndProject
Global
	GlobalSection(SolutionConfigurationPlatforms) = preSolution
		Debug|Any CPU = Debug|Any CPU
		Release|Any CPU = Release|Any CPU
	EndGlobalSection
	GlobalSection(ProjectConfigurationPlatforms) = postSolution
		{125279DD-192B-48AC-9030-648AC6F18E68}.Debug|Any CPU.ActiveCfg = Debug|Any CPU
		{125279DD-192B-48AC-9030-648AC6F18E68}.Debug|Any CPU.Build.0 = Debug|Any CPU
		{125279DD-192B-48AC-9030-648AC6F18E68}.Release|Any CPU.ActiveCfg = Release|Any CPU
		{125279DD-192B-48AC-9030-648AC6F18E68}.Release|Any CPU.Build.0 = Release|Any CPU
	EndGlobalSection
	GlobalSection(SolutionProperties) = preSolution
		HideSolutionNode = FALSE
	EndGlobalSection
	GlobalSection(ExtensibilityGlobals) = postSolution
		SolutionGuid = {704F13E3-2A8C-4067-BB13-40BE6CD49D3C}
	EndGlobalSection
EndGlobal
